
Microsoft Visual Studio Solution File, Format Version 12.00
# Visual Studio Version 17
VisualStudioVersion = 17.5.33402.96
MinimumVisualStudioVersion = 10.0.40219.1
Project("{8BC9CEB8-8B4A-11D0-8D11-00A0C91BC942}") = "pratice20233313", "pratice20233313.vcxproj", "{F449801E-DBD6-45A1-90CD-A20CBE533D2D}"
EndProject
Global
	GlobalSection(SolutionConfigurationPlatforms) = preSolution
		Debug|x64 = Debug|x64
		Debug|x86 = Debug|x86
		Release|x64 = Release|x64
		Release|x86 = Release|x86
	EndGlobalSection
	GlobalSection(ProjectConfigurationPlatforms) = postSolution
		{F449801E-DBD6-45A1-90CD-A20CBE533D2D}.Debug|x64.ActiveCfg = Debug|x64
		{F449801E-DBD6-45A1-90CD-A20CBE533D2D}.Debug|x64.Build.0 = Debug|x64
		{F449801E-DBD6-45A1-90CD-A20CBE533D2D}.Debug|x86.ActiveCfg = Debug|Win32
		{F449801E-DBD6-45A1-90CD-A20CBE533D2D}.Debug|x86.Build.0 = Debug|Win32
		{F449801E-DBD6-45A1-90CD-A20CBE533D2D}.Release|x64.ActiveCfg = Release|x64
		{F449801E-DBD6-45A1-90CD-A20CBE533D2D}.Release|x64.Build.0 = Release|x64
		{F449801E-DBD6-45A1-90CD-A20CBE533D2D}.Release|x86.ActiveCfg = Release|Win32
		{F449801E-DBD6-45A1-90CD-A20CBE533D2D}.Release|x86.Build.0 = Release|Win32
	EndGlobalSection
	GlobalSection(SolutionProperties) = preSolution
		HideSolutionNode = FALSE
	EndGlobalSection
	GlobalSection(ExtensibilityGlobals) = postSolution
		SolutionGuid = {3B72A745-D657-4D2A-B5A4-C3C586FDF47D}
	EndGlobalSection
EndGlobal
